
Microsoft Visual Studio Solution File, Format Version 12.00
# Visual Studio Version 17
VisualStudioVersion = 17.3.32901.215
MinimumVisualStudioVersion = 10.0.40219.1
Project("{FAE04EC0-301F-11D3-BF4B-00C04F79EFBC}") = "Exe2_20210140090_ASD", "Exe2_20210140090_ASD\Exe2_20210140090_ASD.csproj", "{67395C40-7A02-4F14-BA1F-BDBA0FA61E9D}"
EndProject
Global
	GlobalSection(SolutionConfigurationPlatforms) = preSolution
		Debug|Any CPU = Debug|Any CPU
		Release|Any CPU = Release|Any CPU
	EndGlobalSection
	GlobalSection(ProjectConfigurationPlatforms) = postSolution
		{67395C40-7A02-4F14-BA1F-BDBA0FA61E9D}.Debug|Any CPU.ActiveCfg = Debug|Any CPU
		{67395C40-7A02-4F14-BA1F-BDBA0FA61E9D}.Debug|Any CPU.Build.0 = Debug|Any CPU
		{67395C40-7A02-4F14-BA1F-BDBA0FA61E9D}.Release|Any CPU.ActiveCfg = Release|Any CPU
		{67395C40-7A02-4F14-BA1F-BDBA0FA61E9D}.Release|Any CPU.Build.0 = Release|Any CPU
	EndGlobalSection
	GlobalSection(SolutionProperties) = preSolution
		HideSolutionNode = FALSE
	EndGlobalSection
	GlobalSection(ExtensibilityGlobals) = postSolution
		SolutionGuid = {5AEBAEE8-2324-4399-8D65-9C8AA60E023F}
	EndGlobalSection
EndGlobal
